
Microsoft Visual Studio Solution File, Format Version 12.00
# Visual Studio Version 17
VisualStudioVersion = 17.10.35122.118
MinimumVisualStudioVersion = 10.0.40219.1
Project("{FAE04EC0-301F-11D3-BF4B-00C04F79EFBC}") = "BulkyBookWeb", "BulkyBookWeb\BulkyBookWeb.csproj", "{BD04D89A-4D93-44C8-9DFB-8C1164B6FE9D}"
EndProject
Global
	GlobalSection(SolutionConfigurationPlatforms) = preSolution
		Debug|Any CPU = Debug|Any CPU
		Release|Any CPU = Release|Any CPU
	EndGlobalSection
	GlobalSection(ProjectConfigurationPlatforms) = postSolution
		{BD04D89A-4D93-44C8-9DFB-8C1164B6FE9D}.Debug|Any CPU.ActiveCfg = Debug|Any CPU
		{BD04D89A-4D93-44C8-9DFB-8C1164B6FE9D}.Debug|Any CPU.Build.0 = Debug|Any CPU
		{BD04D89A-4D93-44C8-9DFB-8C1164B6FE9D}.Release|Any CPU.ActiveCfg = Release|Any CPU
		{BD04D89A-4D93-44C8-9DFB-8C1164B6FE9D}.Release|Any CPU.Build.0 = Release|Any CPU
	EndGlobalSection
	GlobalSection(SolutionProperties) = preSolution
		HideSolutionNode = FALSE
	EndGlobalSection
	GlobalSection(ExtensibilityGlobals) = postSolution
		SolutionGuid = {D9DC611A-E002-4016-AA0A-CC94C5B85C58}
	EndGlobalSection
EndGlobal
